
Microsoft Visual Studio Solution File, Format Version 12.00
# Visual Studio Version 17
VisualStudioVersion = 17.1.32319.34
MinimumVisualStudioVersion = 10.0.40219.1
Project("{9A19103F-16F7-4668-BE54-9A1E7A4F7556}") = "G8I9DY_HFT_2021221.Client", "G8I9DY_HFT_2021221.Client\G8I9DY_HFT_2021221.Client.csproj", "{62C0EEA3-7A1A-4AE8-B66C-2CA092190CCA}"
EndProject
Project("{9A19103F-16F7-4668-BE54-9A1E7A4F7556}") = "G8I9DY_HFT_2021221.Models", "G8I9DY_HFT_2021221.Models\G8I9DY_HFT_2021221.Models.csproj", "{D6C57B9E-4BAE-4500-9C28-D917FAF9CC2A}"
EndProject
Project("{9A19103F-16F7-4668-BE54-9A1E7A4F7556}") = "G8I9DY_HFT_2021221.Data", "G8I9DY_HFT_2021221.Data\G8I9DY_HFT_2021221.Data.csproj", "{D8F41305-6F4A-43CA-88B9-A8D0362E4E44}"
EndProject
Project("{9A19103F-16F7-4668-BE54-9A1E7A4F7556}") = "G8I9DY_HFT_2021221.Logic", "G8I9DY_HFT_2021221.Logic\G8I9DY_HFT_2021221.Logic.csproj", "{E977347B-FD2B-45EF-9238-1E247E5565AB}"
EndProject
Project("{9A19103F-16F7-4668-BE54-9A1E7A4F7556}") = "G8I9DY_HFT_2021221.Repository", "G8I9DY_HFT_2021221.Repository\G8I9DY_HFT_2021221.Repository.csproj", "{18971D2E-EBC9-4875-BED0-688D1C516318}"
EndProject
Project("{9A19103F-16F7-4668-BE54-9A1E7A4F7556}") = "G8I9DY_HFT_2021221.Endpoint", "G8I9DY_HFT_2021221.Endpoint\G8I9DY_HFT_2021221.Endpoint.csproj", "{4708BFE9-04AE-4DBF-BA50-B38C2E9ADFF1}"
EndProject
Project("{9A19103F-16F7-4668-BE54-9A1E7A4F7556}") = "G8I9DY_HFT_2021221.Test", "G8I9DY_HFT_2021221.Test\G8I9DY_HFT_2021221.Test.csproj", "{C5EC106D-2B8F-41CC-9BFB-43B2AA0BB734}"
EndProject
Project("{2150E333-8FDC-42A3-9474-1A3956D46DE8}") = "Backend", "Backend", "{894B069D-6D98-4496-8D40-AD03E96F9759}"
EndProject
Project("{2150E333-8FDC-42A3-9474-1A3956D46DE8}") = "Frontend", "Frontend", "{BCDC02D2-F776-4052-AAED-AEB3E1B41ADF}"
EndProject
Project("{2150E333-8FDC-42A3-9474-1A3956D46DE8}") = "Shared", "Shared", "{166FB438-9C05-4631-92FE-9174C2EB7D16}"
EndProject
Project("{2150E333-8FDC-42A3-9474-1A3956D46DE8}") = "Others", "Others", "{95F06F49-0D93-43E6-BA10-132359D8E297}"
	ProjectSection(SolutionItems) = preProject
		.gitignore = .gitignore
	EndProjectSection
EndProject
Project("{FAE04EC0-301F-11D3-BF4B-00C04F79EFBC}") = "G8I9DY_HFT_2021221.WpfClient", "G8I9DY_HFT_2021221.WpfClient\G8I9DY_HFT_2021221.WpfClient.csproj", "{29852906-20CC-4843-BB99-A31BEFEC563A}"
EndProject
Project("{FAE04EC0-301F-11D3-BF4B-00C04F79EFBC}") = "G8I9DY_HFT_2021221.JSClient", "G8I9DY_HFT_2021221.JSClient\G8I9DY_HFT_2021221.JSClient.csproj", "{AC9BB1BE-35A7-4C34-9C54-AE4859B6C2E6}"
EndProject
Global
	GlobalSection(SolutionConfigurationPlatforms) = preSolution
		Debug|Any CPU = Debug|Any CPU
		Release|Any CPU = Release|Any CPU
	EndGlobalSection
	GlobalSection(ProjectConfigurationPlatforms) = postSolution
		{62C0EEA3-7A1A-4AE8-B66C-2CA092190CCA}.Debug|Any CPU.ActiveCfg = Debug|Any CPU
		{62C0EEA3-7A1A-4AE8-B66C-2CA092190CCA}.Debug|Any CPU.Build.0 = Debug|Any CPU
		{62C0EEA3-7A1A-4AE8-B66C-2CA092190CCA}.Release|Any CPU.ActiveCfg = Release|Any CPU
		{62C0EEA3-7A1A-4AE8-B66C-2CA092190CCA}.Release|Any CPU.Build.0 = Release|Any CPU
		{D6C57B9E-4BAE-4500-9C28-D917FAF9CC2A}.Debug|Any CPU.ActiveCfg = Debug|Any CPU
		{D6C57B9E-4BAE-4500-9C28-D917FAF9CC2A}.Debug|Any CPU.Build.0 = Debug|Any CPU
		{D6C57B9E-4BAE-4500-9C28-D917FAF9CC2A}.Release|Any CPU.ActiveCfg = Release|Any CPU
		{D6C57B9E-4BAE-4500-9C28-D917FAF9CC2A}.Release|Any CPU.Build.0 = Release|Any CPU
		{D8F41305-6F4A-43CA-88B9-A8D0362E4E44}.Debug|Any CPU.ActiveCfg = Debug|Any CPU
		{D8F41305-6F4A-43CA-88B9-A8D0362E4E44}.Debug|Any CPU.Build.0 = Debug|Any CPU
		{D8F41305-6F4A-43CA-88B9-A8D0362E4E44}.Release|Any CPU.ActiveCfg = Release|Any CPU
		{D8F41305-6F4A-43CA-88B9-A8D0362E4E44}.Release|Any CPU.Build.0 = Release|Any CPU
		{E977347B-FD2B-45EF-9238-1E247E5565AB}.Debug|Any CPU.ActiveCfg = Debug|Any CPU
		{E977347B-FD2B-45EF-9238-1E247E5565AB}.Debug|Any CPU.Build.0 = Debug|Any CPU
		{E977347B-FD2B-45EF-9238-1E247E5565AB}.Release|Any CPU.ActiveCfg = Release|Any CPU
		{E977347B-FD2B-45EF-9238-1E247E5565AB}.Release|Any CPU.Build.0 = Release|Any CPU
		{18971D2E-EBC9-4875-BED0-688D1C516318}.Debug|Any CPU.ActiveCfg = Debug|Any CPU
		{18971D2E-EBC9-4875-BED0-688D1C516318}.Debug|Any CPU.Build.0 = Debug|Any CPU
		{18971D2E-EBC9-4875-BED0-688D1C516318}.Release|Any CPU.ActiveCfg = Release|Any CPU
		{18971D2E-EBC9-4875-BED0-688D1C516318}.Release|Any CPU.Build.0 = Release|Any CPU
		{4708BFE9-04AE-4DBF-BA50-B38C2E9ADFF1}.Debug|Any CPU.ActiveCfg = Debug|Any CPU
		{4708BFE9-04AE-4DBF-BA50-B38C2E9ADFF1}.Debug|Any CPU.Build.0 = Debug|Any CPU
		{4708BFE9-04AE-4DBF-BA50-B38C2E9ADFF1}.Release|Any CPU.ActiveCfg = Release|Any CPU
		{4708BFE9-04AE-4DBF-BA50-B38C2E9ADFF1}.Release|Any CPU.Build.0 = Release|Any CPU
		{C5EC106D-2B8F-41CC-9BFB-43B2AA0BB734}.Debug|Any CPU.ActiveCfg = Debug|Any CPU
		{C5EC106D-2B8F-41CC-9BFB-43B2AA0BB734}.Debug|Any CPU.Build.0 = Debug|Any CPU
		{C5EC106D-2B8F-41CC-9BFB-43B2AA0BB734}.Release|Any CPU.ActiveCfg = Release|Any CPU
		{C5EC106D-2B8F-41CC-9BFB-43B2AA0BB734}.Release|Any CPU.Build.0 = Release|Any CPU
		{29852906-20CC-4843-BB99-A31BEFEC563A}.Debug|Any CPU.ActiveCfg = Debug|Any CPU
		{29852906-20CC-4843-BB99-A31BEFEC563A}.Debug|Any CPU.Build.0 = Debug|Any CPU
		{29852906-20CC-4843-BB99-A31BEFEC563A}.Release|Any CPU.ActiveCfg = Release|Any CPU
		{29852906-20CC-4843-BB99-A31BEFEC563A}.Release|Any CPU.Build.0 = Release|Any CPU
		{AC9BB1BE-35A7-4C34-9C54-AE4859B6C2E6}.Debug|Any CPU.ActiveCfg = Debug|Any CPU
		{AC9BB1BE-35A7-4C34-9C54-AE4859B6C2E6}.Debug|Any CPU.Build.0 = Debug|Any CPU
		{AC9BB1BE-35A7-4C34-9C54-AE4859B6C2E6}.Release|Any CPU.ActiveCfg = Release|Any CPU
		{AC9BB1BE-35A7-4C34-9C54-AE4859B6C2E6}.Release|Any CPU.Build.0 = Release|Any CPU
	EndGlobalSection
	GlobalSection(SolutionProperties) = preSolution
		HideSolutionNode = FALSE
	EndGlobalSection
	GlobalSection(NestedProjects) = preSolution
		{62C0EEA3-7A1A-4AE8-B66C-2CA092190CCA} = {BCDC02D2-F776-4052-AAED-AEB3E1B41ADF}
		{D6C57B9E-4BAE-4500-9C28-D917FAF9CC2A} = {166FB438-9C05-4631-92FE-9174C2EB7D16}
		{D8F41305-6F4A-43CA-88B9-A8D0362E4E44} = {894B069D-6D98-4496-8D40-AD03E96F9759}
		{E977347B-FD2B-45EF-9238-1E247E5565AB} = {894B069D-6D98-4496-8D40-AD03E96F9759}
		{18971D2E-EBC9-4875-BED0-688D1C516318} = {894B069D-6D98-4496-8D40-AD03E96F9759}
		{4708BFE9-04AE-4DBF-BA50-B38C2E9ADFF1} = {894B069D-6D98-4496-8D40-AD03E96F9759}
		{C5EC106D-2B8F-41CC-9BFB-43B2AA0BB734} = {894B069D-6D98-4496-8D40-AD03E96F9759}
	EndGlobalSection
	GlobalSection(ExtensibilityGlobals) = postSolution
		SolutionGuid = {23802F7D-C814-4A0E-84BD-786FDEA83F57}
	EndGlobalSection
EndGlobal
